
Microsoft Visual Studio Solution File, Format Version 12.00
# Visual Studio 14
VisualStudioVersion = 14.0.25420.1
MinimumVisualStudioVersion = 10.0.40219.1
Project("{FAE04EC0-301F-11D3-BF4B-00C04F79EFBC}") = "WebApi2_Owin_OAuthAccessTokensAndClaims.Core", "WebApi2_Owin_OAuthAccessTokensAndClaims.Core\WebApi2_Owin_OAuthAccessTokensAndClaims.Core.csproj", "{9516EC80-6E66-4EE3-B667-553C057364D0}"
EndProject
Project("{FAE04EC0-301F-11D3-BF4B-00C04F79EFBC}") = "WebApi2_Owin_OAuthAccessTokensAndClaims.Models", "WebApi2_Owin_OAuthAccessTokensAndClaims.Models\WebApi2_Owin_OAuthAccessTokensAndClaims.Models.csproj", "{71A315CC-AF52-4BFC-A6E6-4655820DA22B}"
EndProject
Project("{FAE04EC0-301F-11D3-BF4B-00C04F79EFBC}") = "WebApi2_Owin_OAuthAccessTokensAndClaims.AuthServer", "WebApi2_Owin_OAuthAccessTokensAndClaims.AuthServer\WebApi2_Owin_OAuthAccessTokensAndClaims.AuthServer.csproj", "{740167B3-63CC-44DB-A77D-4E4D1E4174E5}"
EndProject
Project("{FAE04EC0-301F-11D3-BF4B-00C04F79EFBC}") = "WebApi2_Owin_OAuthAccessTokensAndClaims.Client", "WebApi2_Owin_OAuthAccessTokensAndClaims.Client\WebApi2_Owin_OAuthAccessTokensAndClaims.Client.csproj", "{2F21CBAC-1B2A-4879-A8C7-6CFFDCA67F68}"
EndProject
Global
	GlobalSection(SolutionConfigurationPlatforms) = preSolution
		Debug|Any CPU = Debug|Any CPU
		Release|Any CPU = Release|Any CPU
	EndGlobalSection
	GlobalSection(ProjectConfigurationPlatforms) = postSolution
		{9516EC80-6E66-4EE3-B667-553C057364D0}.Debug|Any CPU.ActiveCfg = Debug|Any CPU
		{9516EC80-6E66-4EE3-B667-553C057364D0}.Debug|Any CPU.Build.0 = Debug|Any CPU
		{9516EC80-6E66-4EE3-B667-553C057364D0}.Release|Any CPU.ActiveCfg = Release|Any CPU
		{9516EC80-6E66-4EE3-B667-553C057364D0}.Release|Any CPU.Build.0 = Release|Any CPU
		{71A315CC-AF52-4BFC-A6E6-4655820DA22B}.Debug|Any CPU.ActiveCfg = Debug|Any CPU
		{71A315CC-AF52-4BFC-A6E6-4655820DA22B}.Debug|Any CPU.Build.0 = Debug|Any CPU
		{71A315CC-AF52-4BFC-A6E6-4655820DA22B}.Release|Any CPU.ActiveCfg = Release|Any CPU
		{71A315CC-AF52-4BFC-A6E6-4655820DA22B}.Release|Any CPU.Build.0 = Release|Any CPU
		{740167B3-63CC-44DB-A77D-4E4D1E4174E5}.Debug|Any CPU.ActiveCfg = Debug|Any CPU
		{740167B3-63CC-44DB-A77D-4E4D1E4174E5}.Debug|Any CPU.Build.0 = Debug|Any CPU
		{740167B3-63CC-44DB-A77D-4E4D1E4174E5}.Release|Any CPU.ActiveCfg = Release|Any CPU
		{740167B3-63CC-44DB-A77D-4E4D1E4174E5}.Release|Any CPU.Build.0 = Release|Any CPU
		{2F21CBAC-1B2A-4879-A8C7-6CFFDCA67F68}.Debug|Any CPU.ActiveCfg = Debug|Any CPU
		{2F21CBAC-1B2A-4879-A8C7-6CFFDCA67F68}.Debug|Any CPU.Build.0 = Debug|Any CPU
		{2F21CBAC-1B2A-4879-A8C7-6CFFDCA67F68}.Release|Any CPU.ActiveCfg = Release|Any CPU
		{2F21CBAC-1B2A-4879-A8C7-6CFFDCA67F68}.Release|Any CPU.Build.0 = Release|Any CPU
	EndGlobalSection
	GlobalSection(SolutionProperties) = preSolution
		HideSolutionNode = FALSE
	EndGlobalSection
EndGlobal
